// !$*UTF8*$!
{
	archiveVersion = 1;
	classes = {
	};
	objectVersion = 55;
	objects = {

/* Begin PBXBuildFile section */
		BD2ACA5C27279D1500D12D98 /* MusicListViewController.swift in Sources */ = {isa = PBXBuildFile; fileRef = BD2ACA5B27279D1500D12D98 /* MusicListViewController.swift */; };
		BD2ACA5E2727A68E00D12D98 /* MusicListTableViewCell.swift in Sources */ = {isa = PBXBuildFile; fileRef = BD2ACA5D2727A68E00D12D98 /* MusicListTableViewCell.swift */; };
		BD2ACA602727AE7D00D12D98 /* SongDTO.swift in Sources */ = {isa = PBXBuildFile; fileRef = BD2ACA5F2727AE7D00D12D98 /* SongDTO.swift */; };
		BDDE65682724EE9C00EB78B1 /* AppDelegate.swift in Sources */ = {isa = PBXBuildFile; fileRef = BDDE65672724EE9C00EB78B1 /* AppDelegate.swift */; };
		BDDE656A2724EE9C00EB78B1 /* SceneDelegate.swift in Sources */ = {isa = PBXBuildFile; fileRef = BDDE65692724EE9C00EB78B1 /* SceneDelegate.swift */; };
		BDDE656C2724EE9C00EB78B1 /* ViewController.swift in Sources */ = {isa = PBXBuildFile; fileRef = BDDE656B2724EE9C00EB78B1 /* ViewController.swift */; };
		BDDE656F2724EE9C00EB78B1 /* Main.storyboard in Resources */ = {isa = PBXBuildFile; fileRef = BDDE656D2724EE9C00EB78B1 /* Main.storyboard */; };
		BDDE65712724EEA100EB78B1 /* Assets.xcassets in Resources */ = {isa = PBXBuildFile; fileRef = BDDE65702724EEA100EB78B1 /* Assets.xcassets */; };
		BDDE65742724EEA100EB78B1 /* LaunchScreen.storyboard in Resources */ = {isa = PBXBuildFile; fileRef = BDDE65722724EEA100EB78B1 /* LaunchScreen.storyboard */; };
/* End PBXBuildFile section */

/* Begin PBXFileReference section */
		BD2ACA5B27279D1500D12D98 /* MusicListViewController.swift */ = {isa = PBXFileReference; lastKnownFileType = sourcecode.swift; path = MusicListViewController.swift; sourceTree = "<group>"; };
		BD2ACA5D2727A68E00D12D98 /* MusicListTableViewCell.swift */ = {isa = PBXFileReference; lastKnownFileType = sourcecode.swift; path = MusicListTableViewCell.swift; sourceTree = "<group>"; };
		BD2ACA5F2727AE7D00D12D98 /* SongDTO.swift */ = {isa = PBXFileReference; lastKnownFileType = sourcecode.swift; path = SongDTO.swift; sourceTree = "<group>"; };
		BDDE65642724EE9B00EB78B1 /* ReproductorSwift.app */ = {isa = PBXFileReference; explicitFileType = wrapper.application; includeInIndex = 0; path = ReproductorSwift.app; sourceTree = BUILT_PRODUCTS_DIR; };
		BDDE65672724EE9C00EB78B1 /* AppDelegate.swift */ = {isa = PBXFileReference; lastKnownFileType = sourcecode.swift; path = AppDelegate.swift; sourceTree = "<group>"; };
		BDDE65692724EE9C00EB78B1 /* SceneDelegate.swift */ = {isa = PBXFileReference; lastKnownFileType = sourcecode.swift; path = SceneDelegate.swift; sourceTree = "<group>"; };
		BDDE656B2724EE9C00EB78B1 /* ViewController.swift */ = {isa = PBXFileReference; lastKnownFileType = sourcecode.swift; path = ViewController.swift; sourceTree = "<group>"; };
		BDDE656E2724EE9C00EB78B1 /* Base */ = {isa = PBXFileReference; lastKnownFileType = file.storyboard; name = Base; path = Base.lproj/Main.storyboard; sourceTree = "<group>"; };
		BDDE65702724EEA100EB78B1 /* Assets.xcassets */ = {isa = PBXFileReference; lastKnownFileType = folder.assetcatalog; path = Assets.xcassets; sourceTree = "<group>"; };
		BDDE65732724EEA100EB78B1 /* Base */ = {isa = PBXFileReference; lastKnownFileType = file.storyboard; name = Base; path = Base.lproj/LaunchScreen.storyboard; sourceTree = "<group>"; };
		BDDE65752724EEA100EB78B1 /* Info.plist */ = {isa = PBXFileReference; lastKnownFileType = text.plist.xml; path = Info.plist; sourceTree = "<group>"; };
/* End PBXFileReference section */

/* Begin PBXFrameworksBuildPhase section */
		BDDE65612724EE9B00EB78B1 /* Frameworks */ = {
			isa = PBXFrameworksBuildPhase;
			buildActionMask = 2147483647;
			files = (
			);
			runOnlyForDeploymentPostprocessing = 0;
		};
/* End PBXFrameworksBuildPhase section */

/* Begin PBXGroup section */
		BD2ACA5727279C4300D12D98 /* View */ = {
			isa = PBXGroup;
			children = (
				BD2ACA5A27279C7000D12D98 /* Storyboard */,
				BDDE656B2724EE9C00EB78B1 /* ViewController.swift */,
				BD2ACA5B27279D1500D12D98 /* MusicListViewController.swift */,
			);
			path = View;
			sourceTree = "<group>";
		};
		BD2ACA5827279C5100D12D98 /* Model */ = {
			isa = PBXGroup;
			children = (
				BD2ACA5F2727AE7D00D12D98 /* SongDTO.swift */,
			);
			path = Model;
			sourceTree = "<group>";
		};
		BD2ACA5927279C5A00D12D98 /* ViewModel */ = {
			isa = PBXGroup;
			children = (
				BD2ACA5D2727A68E00D12D98 /* MusicListTableViewCell.swift */,
			);
			path = ViewModel;
			sourceTree = "<group>";
		};
		BD2ACA5A27279C7000D12D98 /* Storyboard */ = {
			isa = PBXGroup;
			children = (
				BDDE65722724EEA100EB78B1 /* LaunchScreen.storyboard */,
				BDDE656D2724EE9C00EB78B1 /* Main.storyboard */,
			);
			path = Storyboard;
			sourceTree = "<group>";
		};
		BDDE655B2724EE9B00EB78B1 = {
			isa = PBXGroup;
			children = (
				BDDE65662724EE9B00EB78B1 /* ReproductorSwift */,
				BDDE65652724EE9B00EB78B1 /* Products */,
			);
			sourceTree = "<group>";
		};
		BDDE65652724EE9B00EB78B1 /* Products */ = {
			isa = PBXGroup;
			children = (
				BDDE65642724EE9B00EB78B1 /* ReproductorSwift.app */,
			);
			name = Products;
			sourceTree = "<group>";
		};
		BDDE65662724EE9B00EB78B1 /* ReproductorSwift */ = {
			isa = PBXGroup;
			children = (
				BD2ACA5927279C5A00D12D98 /* ViewModel */,
				BD2ACA5827279C5100D12D98 /* Model */,
				BD2ACA5727279C4300D12D98 /* View */,
				BDDE65672724EE9C00EB78B1 /* AppDelegate.swift */,
				BDDE65692724EE9C00EB78B1 /* SceneDelegate.swift */,
				BDDE65702724EEA100EB78B1 /* Assets.xcassets */,
				BDDE65752724EEA100EB78B1 /* Info.plist */,
			);
			path = ReproductorSwift;
			sourceTree = "<group>";
		};
/* End PBXGroup section */

/* Begin PBXNativeTarget section */
		BDDE65632724EE9B00EB78B1 /* ReproductorSwift */ = {
			isa = PBXNativeTarget;
			buildConfigurationList = BDDE65782724EEA100EB78B1 /* Build configuration list for PBXNativeTarget "ReproductorSwift" */;
			buildPhases = (
				BDDE65602724EE9B00EB78B1 /* Sources */,
				BDDE65612724EE9B00EB78B1 /* Frameworks */,
				BDDE65622724EE9B00EB78B1 /* Resources */,
			);
			buildRules = (
			);
			dependencies = (
			);
			name = ReproductorSwift;
			productName = ReproductorSwift;
			productReference = BDDE65642724EE9B00EB78B1 /* ReproductorSwift.app */;
			productType = "com.apple.product-type.application";
		};
/* End PBXNativeTarget section */

/* Begin PBXProject section */
		BDDE655C2724EE9B00EB78B1 /* Project object */ = {
			isa = PBXProject;
			attributes = {
				BuildIndependentTargetsInParallel = 1;
				LastSwiftUpdateCheck = 1300;
				LastUpgradeCheck = 1300;
				TargetAttributes = {
					BDDE65632724EE9B00EB78B1 = {
						CreatedOnToolsVersion = 13.0;
					};
				};
			};
			buildConfigurationList = BDDE655F2724EE9B00EB78B1 /* Build configuration list for PBXProject "ReproductorSwift" */;
			compatibilityVersion = "Xcode 13.0";
			developmentRegion = en;
			hasScannedForEncodings = 0;
			knownRegions = (
				en,
				Base,
			);
			mainGroup = BDDE655B2724EE9B00EB78B1;
			productRefGroup = BDDE65652724EE9B00EB78B1 /* Products */;
			projectDirPath = "";
			projectRoot = "";
			targets = (
				BDDE65632724EE9B00EB78B1 /* ReproductorSwift */,
			);
		};
/* End PBXProject section */

/* Begin PBXResourcesBuildPhase section */
		BDDE65622724EE9B00EB78B1 /* Resources */ = {
			isa = PBXResourcesBuildPhase;
			buildActionMask = 2147483647;
			files = (
				BDDE65742724EEA100EB78B1 /* LaunchScreen.storyboard in Resources */,
				BDDE65712724EEA100EB78B1 /* Assets.xcassets in Resources */,
				BDDE656F2724EE9C00EB78B1 /* Main.storyboard in Resources */,
			);
			runOnlyForDeploymentPostprocessing = 0;
		};
/* End PBXResourcesBuildPhase section */

/* Begin PBXSourcesBuildPhase section */
		BDDE65602724EE9B00EB78B1 /* Sources */ = {
			isa = PBXSourcesBuildPhase;
			buildActionMask = 2147483647;
			files = (
				BD2ACA5C27279D1500D12D98 /* MusicListViewController.swift in Sources */,
				BD2ACA5E2727A68E00D12D98 /* MusicListTableViewCell.swift in Sources */,
				BDDE656C2724EE9C00EB78B1 /* ViewController.swift in Sources */,
				BDDE65682724EE9C00EB78B1 /* AppDelegate.swift in Sources */,
				BD2ACA602727AE7D00D12D98 /* SongDTO.swift in Sources */,
				BDDE656A2724EE9C00EB78B1 /* SceneDelegate.swift in Sources */,
			);
			runOnlyForDeploymentPostprocessing = 0;
		};
/* End PBXSourcesBuildPhase section */

/* Begin PBXVariantGroup section */
		BDDE656D2724EE9C00EB78B1 /* Main.storyboard */ = {
			isa = PBXVariantGroup;
			children = (
				BDDE656E2724EE9C00EB78B1 /* Base */,
			);
			name = Main.storyboard;
			sourceTree = "<group>";
		};
		BDDE65722724EEA100EB78B1 /* LaunchScreen.storyboard */ = {
			isa = PBXVariantGroup;
			children = (
				BDDE65732724EEA100EB78B1 /* Base */,
			);
			name = LaunchScreen.storyboard;
			sourceTree = "<group>";
		};
/* End PBXVariantGroup section */

/* Begin XCBuildConfiguration section */
		BDDE65762724EEA100EB78B1 /* Debug */ = {
			isa = XCBuildConfiguration;
			buildSettings = {
				ALWAYS_SEARCH_USER_PATHS = NO;
				CLANG_ANALYZER_NONNULL = YES;
				CLANG_ANALYZER_NUMBER_OBJECT_CONVERSION = YES_AGGRESSIVE;
				CLANG_CXX_LANGUAGE_STANDARD = "gnu++17";
				CLANG_CXX_LIBRARY = "libc++";
				CLANG_ENABLE_MODULES = YES;
				CLANG_ENABLE_OBJC_ARC = YES;
				CLANG_ENABLE_OBJC_WEAK = YES;
				CLANG_WARN_BLOCK_CAPTURE_AUTORELEASING = YES;
				CLANG_WARN_BOOL_CONVERSION = YES;
				CLANG_WARN_COMMA = YES;
				CLANG_WARN_CONSTANT_CONVERSION = YES;
				CLANG_WARN_DEPRECATED_OBJC_IMPLEMENTATIONS = YES;
				CLANG_WARN_DIRECT_OBJC_ISA_USAGE = YES_ERROR;
				CLANG_WARN_DOCUMENTATION_COMMENTS = YES;
				CLANG_WARN_EMPTY_BODY = YES;
				CLANG_WARN_ENUM_CONVERSION = YES;
				CLANG_WARN_INFINITE_RECURSION = YES;
				CLANG_WARN_INT_CONVERSION = YES;
				CLANG_WARN_NON_LITERAL_NULL_CONVERSION = YES;
				CLANG_WARN_OBJC_IMPLICIT_RETAIN_SELF = YES;
				CLANG_WARN_OBJC_LITERAL_CONVERSION = YES;
				CLANG_WARN_OBJC_ROOT_CLASS = YES_ERROR;
				CLANG_WARN_QUOTED_INCLUDE_IN_FRAMEWORK_HEADER = YES;
				CLANG_WARN_RANGE_LOOP_ANALYSIS = YES;
				CLANG_WARN_STRICT_PROTOTYPES = YES;
				CLANG_WARN_SUSPICIOUS_MOVE = YES;
				CLANG_WARN_UNGUARDED_AVAILABILITY = YES_AGGRESSIVE;
				CLANG_WARN_UNREACHABLE_CODE = YES;
				CLANG_WARN__DUPLICATE_METHOD_MATCH = YES;
				COPY_PHASE_STRIP = NO;
				DEBUG_INFORMATION_FORMAT = dwarf;
				ENABLE_STRICT_OBJC_MSGSEND = YES;
				ENABLE_TESTABILITY = YES;
				GCC_C_LANGUAGE_STANDARD = gnu11;
				GCC_DYNAMIC_NO_PIC = NO;
				GCC_NO_COMMON_BLOCKS = YES;
				GCC_OPTIMIZATION_LEVEL = 0;
				GCC_PREPROCESSOR_DEFINITIONS = (
					"DEBUG=1",
					"$(inherited)",
				);
				GCC_WARN_64_TO_32_BIT_CONVERSION = YES;
				GCC_WARN_ABOUT_RETURN_TYPE = YES_ERROR;
				GCC_WARN_UNDECLARED_SELECTOR = YES;
				GCC_WARN_UNINITIALIZED_AUTOS = YES_AGGRESSIVE;
				GCC_WARN_UNUSED_FUNCTION = YES;
				GCC_WARN_UNUSED_VARIABLE = YES;
				IPHONEOS_DEPLOYMENT_TARGET = 15.0;
				MTL_ENABLE_DEBUG_INFO = INCLUDE_SOURCE;
				MTL_FAST_MATH = YES;
				ONLY_ACTIVE_ARCH = YES;
				SDKROOT = iphoneos;
				SWIFT_ACTIVE_COMPILATION_CONDITIONS = DEBUG;
				SWIFT_OPTIMIZATION_LEVEL = "-Onone";
			};
			name = Debug;
		};
		BDDE65772724EEA100EB78B1 /* Release */ = {
			isa = XCBuildConfiguration;
			buildSettings = {
				ALWAYS_SEARCH_USER_PATHS = NO;
				CLANG_ANALYZER_NONNULL = YES;
				CLANG_ANALYZER_NUMBER_OBJECT_CONVERSION = YES_AGGRESSIVE;
				CLANG_CXX_LANGUAGE_STANDARD = "gnu++17";
				CLANG_CXX_LIBRARY = "libc++";
				CLANG_ENABLE_MODULES = YES;
				CLANG_ENABLE_OBJC_ARC = YES;
				CLANG_ENABLE_OBJC_WEAK = YES;
				CLANG_WARN_BLOCK_CAPTURE_AUTORELEASING = YES;
				CLANG_WARN_BOOL_CONVERSION = YES;
				CLANG_WARN_COMMA = YES;
				CLANG_WARN_CONSTANT_CONVERSION = YES;
				CLANG_WARN_DEPRECATED_OBJC_IMPLEMENTATIONS = YES;
				CLANG_WARN_DIRECT_OBJC_ISA_USAGE = YES_ERROR;
				CLANG_WARN_DOCUMENTATION_COMMENTS = YES;
				CLANG_WARN_EMPTY_BODY = YES;
				CLANG_WARN_ENUM_CONVERSION = YES;
				CLANG_WARN_INFINITE_RECURSION = YES;
				CLANG_WARN_INT_CONVERSION = YES;
				CLANG_WARN_NON_LITERAL_NULL_CONVERSION = YES;
				CLANG_WARN_OBJC_IMPLICIT_RETAIN_SELF = YES;
				CLANG_WARN_OBJC_LITERAL_CONVERSION = YES;
				CLANG_WARN_OBJC_ROOT_CLASS = YES_ERROR;
				CLANG_WARN_QUOTED_INCLUDE_IN_FRAMEWORK_HEADER = YES;
				CLANG_WARN_RANGE_LOOP_ANALYSIS = YES;
				CLANG_WARN_STRICT_PROTOTYPES = YES;
				CLANG_WARN_SUSPICIOUS_MOVE = YES;
				CLANG_WARN_UNGUARDED_AVAILABILITY = YES_AGGRESSIVE;
				CLANG_WARN_UNREACHABLE_CODE = YES;
				CLANG_WARN__DUPLICATE_METHOD_MATCH = YES;
				COPY_PHASE_STRIP = NO;
				DEBUG_INFORMATION_FORMAT = "dwarf-with-dsym";
				ENABLE_NS_ASSERTIONS = NO;
				ENABLE_STRICT_OBJC_MSGSEND = YES;
				GCC_C_LANGUAGE_STANDARD = gnu11;
				GCC_NO_COMMON_BLOCKS = YES;
				GCC_WARN_64_TO_32_BIT_CONVERSION = YES;
				GCC_WARN_ABOUT_RETURN_TYPE = YES_ERROR;
				GCC_WARN_UNDECLARED_SELECTOR = YES;
				GCC_WARN_UNINITIALIZED_AUTOS = YES_AGGRESSIVE;
				GCC_WARN_UNUSED_FUNCTION = YES;
				GCC_WARN_UNUSED_VARIABLE = YES;
				IPHONEOS_DEPLOYMENT_TARGET = 15.0;
				MTL_ENABLE_DEBUG_INFO = NO;
				MTL_FAST_MATH = YES;
				SDKROOT = iphoneos;
				SWIFT_COMPILATION_MODE = wholemodule;
				SWIFT_OPTIMIZATION_LEVEL = "-O";
				VALIDATE_PRODUCT = YES;
			};
			name = Release;
		};
		BDDE65792724EEA100EB78B1 /* Debug */ = {
			isa = XCBuildConfiguration;
			buildSettings = {
				ASSETCATALOG_COMPILER_APPICON_NAME = AppIcon;
				ASSETCATALOG_COMPILER_GLOBAL_ACCENT_COLOR_NAME = AccentColor;
				CODE_SIGN_STYLE = Automatic;
				CURRENT_PROJECT_VERSION = 1;
				DEVELOPMENT_TEAM = Y8N37K57W3;
				GENERATE_INFOPLIST_FILE = YES;
				INFOPLIST_FILE = ReproductorSwift/Info.plist;
				INFOPLIST_KEY_UIApplicationSupportsIndirectInputEvents = YES;
				INFOPLIST_KEY_UILaunchStoryboardName = LaunchScreen;
				INFOPLIST_KEY_UIMainStoryboardFile = Main;
				INFOPLIST_KEY_UISupportedInterfaceOrientations_iPad = "UIInterfaceOrientationPortrait UIInterfaceOrientationPortraitUpsideDown UIInterfaceOrientationLandscapeLeft UIInterfaceOrientationLandscapeRight";
				INFOPLIST_KEY_UISupportedInterfaceOrientations_iPhone = "UIInterfaceOrientationPortrait UIInterfaceOrientationLandscapeLeft UIInterfaceOrientationLandscapeRight";
				LD_RUNPATH_SEARCH_PATHS = (
					"$(inherited)",
					"@executable_path/Frameworks",
				);
				MARKETING_VERSION = 1.0;
				PRODUCT_BUNDLE_IDENTIFIER = com.personal.ReproductorSwift;
				PRODUCT_NAME = "$(TARGET_NAME)";
				SWIFT_EMIT_LOC_STRINGS = YES;
				SWIFT_VERSION = 5.0;
				TARGETED_DEVICE_FAMILY = "1,2";
			};
			name = Debug;
		};
		BDDE657A2724EEA100EB78B1 /* Release */ = {
			isa = XCBuildConfiguration;
			buildSettings = {
				ASSETCATALOG_COMPILER_APPICON_NAME = AppIcon;
				ASSETCATALOG_COMPILER_GLOBAL_ACCENT_COLOR_NAME = AccentColor;
				CODE_SIGN_STYLE = Automatic;
				CURRENT_PROJECT_VERSION = 1;
				DEVELOPMENT_TEAM = Y8N37K57W3;
				GENERATE_INFOPLIST_FILE = YES;
				INFOPLIST_FILE = ReproductorSwift/Info.plist;
				INFOPLIST_KEY_UIApplicationSupportsIndirectInputEvents = YES;
				INFOPLIST_KEY_UILaunchStoryboardName = LaunchScreen;
				INFOPLIST_KEY_UIMainStoryboardFile = Main;
				INFOPLIST_KEY_UISupportedInterfaceOrientations_iPad = "UIInterfaceOrientationPortrait UIInterfaceOrientationPortraitUpsideDown UIInterfaceOrientationLandscapeLeft UIInterfaceOrientationLandscapeRight";
				INFOPLIST_KEY_UISupportedInterfaceOrientations_iPhone = "UIInterfaceOrientationPortrait UIInterfaceOrientationLandscapeLeft UIInterfaceOrientationLandscapeRight";
				LD_RUNPATH_SEARCH_PATHS = (
					"$(inherited)",
					"@executable_path/Frameworks",
				);
				MARKETING_VERSION = 1.0;
				PRODUCT_BUNDLE_IDENTIFIER = com.personal.ReproductorSwift;
				PRODUCT_NAME = "$(TARGET_NAME)";
				SWIFT_EMIT_LOC_STRINGS = YES;
				SWIFT_VERSION = 5.0;
				TARGETED_DEVICE_FAMILY = "1,2";
			};
			name = Release;
		};
/* End XCBuildConfiguration section */

/* Begin XCConfigurationList section */
		BDDE655F2724EE9B00EB78B1 /* Build configuration list for PBXProject "ReproductorSwift" */ = {
			isa = XCConfigurationList;
			buildConfigurations = (
				BDDE65762724EEA100EB78B1 /* Debug */,
				BDDE65772724EEA100EB78B1 /* Release */,
			);
			defaultConfigurationIsVisible = 0;
			defaultConfigurationName = Release;
		};
		BDDE65782724EEA100EB78B1 /* Build configuration list for PBXNativeTarget "ReproductorSwift" */ = {
			isa = XCConfigurationList;
			buildConfigurations = (
				BDDE65792724EEA100EB78B1 /* Debug */,
				BDDE657A2724EEA100EB78B1 /* Release */,
			);
			defaultConfigurationIsVisible = 0;
			defaultConfigurationName = Release;
		};
/* End XCConfigurationList section */
	};
	rootObject = BDDE655C2724EE9B00EB78B1 /* Project object */;
}
